
Microsoft Visual Studio Solution File, Format Version 12.00
# Visual Studio 2012
Project("{FAE04EC0-301F-11D3-BF4B-00C04F79EFBC}") = "VelUp.Android", "VelUp.Android\VelUp.Android.csproj", "{C58F1AB1-708D-4467-8A38-D218DE81DA63}"
EndProject
Project("{FAE04EC0-301F-11D3-BF4B-00C04F79EFBC}") = "VelUp.iOS", "VelUp.iOS\VelUp.iOS.csproj", "{901ABD68-4EB0-427D-AFDD-2F1B4F95BB4F}"
EndProject
Project("{FAE04EC0-301F-11D3-BF4B-00C04F79EFBC}") = "VelUp.UITests", "VelUp.UITests\VelUp.UITests.csproj", "{B19C892E-2628-4CA7-AD27-08D406A3B14B}"
EndProject
Project("{FAE04EC0-301F-11D3-BF4B-00C04F79EFBC}") = "VelUp", "VelUp\VelUp.csproj", "{2318528D-A618-4C7F-A2F3-0A964C4F5DA7}"
EndProject
Global
	GlobalSection(SolutionConfigurationPlatforms) = preSolution
		Debug|Any CPU = Debug|Any CPU
		Release|Any CPU = Release|Any CPU
		Debug|iPhoneSimulator = Debug|iPhoneSimulator
		Release|iPhoneSimulator = Release|iPhoneSimulator
		Debug|iPhone = Debug|iPhone
		Release|iPhone = Release|iPhone
		Ad-Hoc|iPhone = Ad-Hoc|iPhone
		AppStore|iPhone = AppStore|iPhone
	EndGlobalSection
	GlobalSection(ProjectConfigurationPlatforms) = postSolution
		{C58F1AB1-708D-4467-8A38-D218DE81DA63}.Debug|Any CPU.ActiveCfg = Debug|Any CPU
		{C58F1AB1-708D-4467-8A38-D218DE81DA63}.Debug|Any CPU.Build.0 = Debug|Any CPU
		{C58F1AB1-708D-4467-8A38-D218DE81DA63}.Release|Any CPU.ActiveCfg = Release|Any CPU
		{C58F1AB1-708D-4467-8A38-D218DE81DA63}.Release|Any CPU.Build.0 = Release|Any CPU
		{C58F1AB1-708D-4467-8A38-D218DE81DA63}.Debug|iPhoneSimulator.ActiveCfg = Debug|Any CPU
		{C58F1AB1-708D-4467-8A38-D218DE81DA63}.Debug|iPhoneSimulator.Build.0 = Debug|Any CPU
		{C58F1AB1-708D-4467-8A38-D218DE81DA63}.Release|iPhoneSimulator.ActiveCfg = Release|Any CPU
		{C58F1AB1-708D-4467-8A38-D218DE81DA63}.Release|iPhoneSimulator.Build.0 = Release|Any CPU
		{C58F1AB1-708D-4467-8A38-D218DE81DA63}.Debug|iPhone.ActiveCfg = Debug|Any CPU
		{C58F1AB1-708D-4467-8A38-D218DE81DA63}.Debug|iPhone.Build.0 = Debug|Any CPU
		{C58F1AB1-708D-4467-8A38-D218DE81DA63}.Release|iPhone.ActiveCfg = Release|Any CPU
		{C58F1AB1-708D-4467-8A38-D218DE81DA63}.Release|iPhone.Build.0 = Release|Any CPU
		{C58F1AB1-708D-4467-8A38-D218DE81DA63}.Ad-Hoc|iPhone.ActiveCfg = Debug|Any CPU
		{C58F1AB1-708D-4467-8A38-D218DE81DA63}.Ad-Hoc|iPhone.Build.0 = Debug|Any CPU
		{C58F1AB1-708D-4467-8A38-D218DE81DA63}.AppStore|iPhone.ActiveCfg = Debug|Any CPU
		{C58F1AB1-708D-4467-8A38-D218DE81DA63}.AppStore|iPhone.Build.0 = Debug|Any CPU
		{901ABD68-4EB0-427D-AFDD-2F1B4F95BB4F}.Debug|Any CPU.ActiveCfg = Debug|iPhoneSimulator
		{901ABD68-4EB0-427D-AFDD-2F1B4F95BB4F}.Debug|Any CPU.Build.0 = Debug|iPhoneSimulator
		{901ABD68-4EB0-427D-AFDD-2F1B4F95BB4F}.Release|Any CPU.ActiveCfg = Release|iPhoneSimulator
		{901ABD68-4EB0-427D-AFDD-2F1B4F95BB4F}.Release|Any CPU.Build.0 = Release|iPhoneSimulator
		{901ABD68-4EB0-427D-AFDD-2F1B4F95BB4F}.Debug|iPhoneSimulator.ActiveCfg = Debug|iPhoneSimulator
		{901ABD68-4EB0-427D-AFDD-2F1B4F95BB4F}.Debug|iPhoneSimulator.Build.0 = Debug|iPhoneSimulator
		{901ABD68-4EB0-427D-AFDD-2F1B4F95BB4F}.Release|iPhoneSimulator.ActiveCfg = Release|iPhoneSimulator
		{901ABD68-4EB0-427D-AFDD-2F1B4F95BB4F}.Release|iPhoneSimulator.Build.0 = Release|iPhoneSimulator
		{901ABD68-4EB0-427D-AFDD-2F1B4F95BB4F}.Debug|iPhone.ActiveCfg = Debug|iPhone
		{901ABD68-4EB0-427D-AFDD-2F1B4F95BB4F}.Debug|iPhone.Build.0 = Debug|iPhone
		{901ABD68-4EB0-427D-AFDD-2F1B4F95BB4F}.Release|iPhone.ActiveCfg = Release|iPhone
		{901ABD68-4EB0-427D-AFDD-2F1B4F95BB4F}.Release|iPhone.Build.0 = Release|iPhone
		{901ABD68-4EB0-427D-AFDD-2F1B4F95BB4F}.Ad-Hoc|iPhone.ActiveCfg = Ad-Hoc|iPhone
		{901ABD68-4EB0-427D-AFDD-2F1B4F95BB4F}.Ad-Hoc|iPhone.Build.0 = Ad-Hoc|iPhone
		{901ABD68-4EB0-427D-AFDD-2F1B4F95BB4F}.AppStore|iPhone.ActiveCfg = AppStore|iPhone
		{901ABD68-4EB0-427D-AFDD-2F1B4F95BB4F}.AppStore|iPhone.Build.0 = AppStore|iPhone
		{B19C892E-2628-4CA7-AD27-08D406A3B14B}.Debug|Any CPU.ActiveCfg = Debug|Any CPU
		{B19C892E-2628-4CA7-AD27-08D406A3B14B}.Debug|Any CPU.Build.0 = Debug|Any CPU
		{B19C892E-2628-4CA7-AD27-08D406A3B14B}.Release|Any CPU.ActiveCfg = Release|Any CPU
		{B19C892E-2628-4CA7-AD27-08D406A3B14B}.Release|Any CPU.Build.0 = Release|Any CPU
		{B19C892E-2628-4CA7-AD27-08D406A3B14B}.Debug|iPhoneSimulator.ActiveCfg = Debug|Any CPU
		{B19C892E-2628-4CA7-AD27-08D406A3B14B}.Debug|iPhoneSimulator.Build.0 = Debug|Any CPU
		{B19C892E-2628-4CA7-AD27-08D406A3B14B}.Release|iPhoneSimulator.ActiveCfg = Release|Any CPU
		{B19C892E-2628-4CA7-AD27-08D406A3B14B}.Release|iPhoneSimulator.Build.0 = Release|Any CPU
		{B19C892E-2628-4CA7-AD27-08D406A3B14B}.Debug|iPhone.ActiveCfg = Debug|Any CPU
		{B19C892E-2628-4CA7-AD27-08D406A3B14B}.Debug|iPhone.Build.0 = Debug|Any CPU
		{B19C892E-2628-4CA7-AD27-08D406A3B14B}.Release|iPhone.ActiveCfg = Release|Any CPU
		{B19C892E-2628-4CA7-AD27-08D406A3B14B}.Release|iPhone.Build.0 = Release|Any CPU
		{B19C892E-2628-4CA7-AD27-08D406A3B14B}.Ad-Hoc|iPhone.ActiveCfg = Debug|Any CPU
		{B19C892E-2628-4CA7-AD27-08D406A3B14B}.Ad-Hoc|iPhone.Build.0 = Debug|Any CPU
		{B19C892E-2628-4CA7-AD27-08D406A3B14B}.AppStore|iPhone.ActiveCfg = Debug|Any CPU
		{B19C892E-2628-4CA7-AD27-08D406A3B14B}.AppStore|iPhone.Build.0 = Debug|Any CPU
		{2318528D-A618-4C7F-A2F3-0A964C4F5DA7}.Debug|Any CPU.ActiveCfg = Debug|Any CPU
		{2318528D-A618-4C7F-A2F3-0A964C4F5DA7}.Debug|Any CPU.Build.0 = Debug|Any CPU
		{2318528D-A618-4C7F-A2F3-0A964C4F5DA7}.Release|Any CPU.ActiveCfg = Release|Any CPU
		{2318528D-A618-4C7F-A2F3-0A964C4F5DA7}.Release|Any CPU.Build.0 = Release|Any CPU
		{2318528D-A618-4C7F-A2F3-0A964C4F5DA7}.Debug|iPhoneSimulator.ActiveCfg = Debug|Any CPU
		{2318528D-A618-4C7F-A2F3-0A964C4F5DA7}.Debug|iPhoneSimulator.Build.0 = Debug|Any CPU
		{2318528D-A618-4C7F-A2F3-0A964C4F5DA7}.Release|iPhoneSimulator.ActiveCfg = Release|Any CPU
		{2318528D-A618-4C7F-A2F3-0A964C4F5DA7}.Release|iPhoneSimulator.Build.0 = Release|Any CPU
		{2318528D-A618-4C7F-A2F3-0A964C4F5DA7}.Debug|iPhone.ActiveCfg = Debug|Any CPU
		{2318528D-A618-4C7F-A2F3-0A964C4F5DA7}.Debug|iPhone.Build.0 = Debug|Any CPU
		{2318528D-A618-4C7F-A2F3-0A964C4F5DA7}.Release|iPhone.ActiveCfg = Release|Any CPU
		{2318528D-A618-4C7F-A2F3-0A964C4F5DA7}.Release|iPhone.Build.0 = Release|Any CPU
		{2318528D-A618-4C7F-A2F3-0A964C4F5DA7}.Ad-Hoc|iPhone.ActiveCfg = Debug|Any CPU
		{2318528D-A618-4C7F-A2F3-0A964C4F5DA7}.Ad-Hoc|iPhone.Build.0 = Debug|Any CPU
		{2318528D-A618-4C7F-A2F3-0A964C4F5DA7}.AppStore|iPhone.ActiveCfg = Debug|Any CPU
		{2318528D-A618-4C7F-A2F3-0A964C4F5DA7}.AppStore|iPhone.Build.0 = Debug|Any CPU
	EndGlobalSection
EndGlobal
